{
  "name": "developer-playbook",
  "version": "1.0.0",
  "lockfileVersion": 1,
  "requires": true,
  "dependencies": {
    "madr": {
      "version": "2.0.3",
      "resolved": "https://registry.npmjs.org/madr/-/madr-2.0.3.tgz",
      "integrity": "sha512-PJH39LF9BfH2jWwrEX6IT+TrkbBPCyIWRmF/IPgR+mxiPs8hNS1ipzbuRwOUX27IMC7HRtX2wV9kQgZr1E56Mg=="
    }
  }
}
